
Microsoft Visual Studio Solution File, Format Version 11.00
# Visual Studio 2010
Project("{FAE04EC0-301F-11D3-BF4B-00C04F79EFBC}") = "Prism", "Assembly-CSharp.csproj", "{1BA1F668-7066-7606-9629-BBCC550C586F}"
EndProject
Global
	GlobalSection(SolutionConfigurationPlatforms) = preSolution
		Debug|Any CPU = Debug|Any CPU
		Release|Any CPU = Release|Any CPU
	EndGlobalSection
	GlobalSection(ProjectConfigurationPlatforms) = postSolution
		{1BA1F668-7066-7606-9629-BBCC550C586F}.Debug|Any CPU.ActiveCfg = Debug|Any CPU
		{1BA1F668-7066-7606-9629-BBCC550C586F}.Debug|Any CPU.Build.0 = Debug|Any CPU
		{1BA1F668-7066-7606-9629-BBCC550C586F}.Release|Any CPU.ActiveCfg = Release|Any CPU
		{1BA1F668-7066-7606-9629-BBCC550C586F}.Release|Any CPU.Build.0 = Release|Any CPU
	EndGlobalSection
	GlobalSection(SolutionProperties) = preSolution
		HideSolutionNode = FALSE
	EndGlobalSection
	GlobalSection(MonoDevelopProperties) = preSolution
		StartupItem = Assembly-CSharp.csproj
	EndGlobalSection
EndGlobal
